
Microsoft Visual Studio Solution File, Format Version 12.00
# Visual Studio Version 16
VisualStudioVersion = 16.0.30621.155
MinimumVisualStudioVersion = 10.0.40219.1
Project("{FAE04EC0-301F-11D3-BF4B-00C04F79EFBC}") = "Jeremy'sCuteTimeLoggingApp", "Jeremy'sCuteTimeLoggingApp\Jeremy'sCuteTimeLoggingApp.csproj", "{FFD76F4B-00AB-49F9-A98E-4C1C6156998C}"
EndProject
Global
	GlobalSection(SolutionConfigurationPlatforms) = preSolution
		Debug|Any CPU = Debug|Any CPU
		Release|Any CPU = Release|Any CPU
	EndGlobalSection
	GlobalSection(ProjectConfigurationPlatforms) = postSolution
		{FFD76F4B-00AB-49F9-A98E-4C1C6156998C}.Debug|Any CPU.ActiveCfg = Debug|Any CPU
		{FFD76F4B-00AB-49F9-A98E-4C1C6156998C}.Debug|Any CPU.Build.0 = Debug|Any CPU
		{FFD76F4B-00AB-49F9-A98E-4C1C6156998C}.Release|Any CPU.ActiveCfg = Release|Any CPU
		{FFD76F4B-00AB-49F9-A98E-4C1C6156998C}.Release|Any CPU.Build.0 = Release|Any CPU
	EndGlobalSection
	GlobalSection(SolutionProperties) = preSolution
		HideSolutionNode = FALSE
	EndGlobalSection
	GlobalSection(ExtensibilityGlobals) = postSolution
		SolutionGuid = {35B6797C-825A-4B45-B1D2-B7C3ADF5B43E}
	EndGlobalSection
EndGlobal
